
Microsoft Visual Studio Solution File, Format Version 12.00
# Visual Studio 15
VisualStudioVersion = 15.0.27703.2035
MinimumVisualStudioVersion = 10.0.40219.1
Project("{FAE04EC0-301F-11D3-BF4B-00C04F79EFBC}") = "OddNums", "OddNums\OddNums.csproj", "{564FDD9B-F02D-4D62-B928-9200A8164270}"
EndProject
Global
	GlobalSection(SolutionConfigurationPlatforms) = preSolution
		Debug|Any CPU = Debug|Any CPU
		Release|Any CPU = Release|Any CPU
	EndGlobalSection
	GlobalSection(ProjectConfigurationPlatforms) = postSolution
		{564FDD9B-F02D-4D62-B928-9200A8164270}.Debug|Any CPU.ActiveCfg = Debug|Any CPU
		{564FDD9B-F02D-4D62-B928-9200A8164270}.Debug|Any CPU.Build.0 = Debug|Any CPU
		{564FDD9B-F02D-4D62-B928-9200A8164270}.Release|Any CPU.ActiveCfg = Release|Any CPU
		{564FDD9B-F02D-4D62-B928-9200A8164270}.Release|Any CPU.Build.0 = Release|Any CPU
	EndGlobalSection
	GlobalSection(SolutionProperties) = preSolution
		HideSolutionNode = FALSE
	EndGlobalSection
	GlobalSection(ExtensibilityGlobals) = postSolution
		SolutionGuid = {ECE1D323-1CE1-4183-BD4C-A51B63285D70}
	EndGlobalSection
EndGlobal
