
Microsoft Visual Studio Solution File, Format Version 12.00
# Visual Studio 15
VisualStudioVersion = 15.0.27703.2035
MinimumVisualStudioVersion = 10.0.40219.1
Project("{FAE04EC0-301F-11D3-BF4B-00C04F79EFBC}") = "DisplayMultiplicationTable", "DisplayMultiplicationTable\DisplayMultiplicationTable.csproj", "{8133371A-6124-470F-81B5-A84AC5401A34}"
EndProject
Global
	GlobalSection(SolutionConfigurationPlatforms) = preSolution
		Debug|Any CPU = Debug|Any CPU
		Release|Any CPU = Release|Any CPU
	EndGlobalSection
	GlobalSection(ProjectConfigurationPlatforms) = postSolution
		{8133371A-6124-470F-81B5-A84AC5401A34}.Debug|Any CPU.ActiveCfg = Debug|Any CPU
		{8133371A-6124-470F-81B5-A84AC5401A34}.Debug|Any CPU.Build.0 = Debug|Any CPU
		{8133371A-6124-470F-81B5-A84AC5401A34}.Release|Any CPU.ActiveCfg = Release|Any CPU
		{8133371A-6124-470F-81B5-A84AC5401A34}.Release|Any CPU.Build.0 = Release|Any CPU
	EndGlobalSection
	GlobalSection(SolutionProperties) = preSolution
		HideSolutionNode = FALSE
	EndGlobalSection
	GlobalSection(ExtensibilityGlobals) = postSolution
		SolutionGuid = {AF832A96-0479-43F1-AC4B-4661DE522575}
	EndGlobalSection
EndGlobal
